{
  "nodes": {
    "disko": {
      "inputs": {
        "nixpkgs": [
          "nixpkgs"
        ]
      },
      "locked": {
        "lastModified": 1789770686,
        "narHash": "sha256-uZkBR7yHdIKUFB5SZdfgh1qkGfI3XmYmI/lTiquxbck=",
        "owner": "nix-community",
        "repo": "disko",
        "rev": "725ea35e410ad83be4931d1bff7e090eacaf3563",
        "type": "github"
      },
      "original": {
        "owner": "nix-community",
        "repo": "disko",
        "type": "github"
      }
    },
    "home-manager": {
      "inputs": {
        "nixpkgs": [
          "nixpkgs"
        ]
      },
      "locked": {
        "lastModified": 1791642191,
        "narHash": "sha256-0bK0A59rVUn1SRZzo4cNi4VSqAe7vR1gL2/MZl53Frw=",
        "owner": "nix-community",
        "repo": "home-manager",
        "rev": "c58f54c733a7894d84fa2fdff26cc12088c4b78c",
        "type": "github"
      },
      "original": {
        "owner": "nix-community",
        "repo": "home-manager",
        "type": "github"
      }
    },
    "nixpkgs": {
      "locked": {
        "lastModified": 1791594108,
        "narHash": "sha256-XK4KceonkwD8LuMAt/vNrz982mXJM5jeHAxMwsUXXAQ=",
        "owner": "NixOS",
        "repo": "nixpkgs",
        "rev": "6510408d147d8c5e6d76043e899e9251756f6a75",
        "type": "github"
      },
      "original": {
        "owner": "NixOS",
        "ref": "nixos-unstable",
        "repo": "nixpkgs",
        "type": "github"
      }
    },
    "root": {
      "inputs": {
        "disko": "disko",
        "home-manager": "home-manager",
        "nixpkgs": "nixpkgs",
        "secrets": "secrets",
        "sops-nix": "sops-nix"
      }
    },
    "secrets": {
      "flake": false,
      "locked": {
        "lastModified": 1788392182,
        "narHash": "sha256-019r18+wdlfRuoCAUjV7mtw1BaQHfXgD2zzI/7QBZOQ=",
        "ref": "refs/heads/main",
        "rev": "ed5e837e7d4cb72a19908c6bc1581d35fb1893cf",
        "revCount": 11,
        "type": "git",
        "url": "ssh://git@github.com-secrets/FelipeAfonso/secrets.git"
      },
      "original": {
        "type": "git",
        "url": "ssh://git@github.com-secrets/FelipeAfonso/secrets.git"
      }
    },
    "sops-nix": {
      "inputs": {
        "nixpkgs": [
          "nixpkgs"
        ]
      },
      "locked": {
        "lastModified": 1791639265,
        "narHash": "sha256-51gxD0eLcJkxH2TYdhE+Qsf04yg3PRV7anCAqOFX70E=",
        "owner": "Mic92",
        "repo": "sops-nix",
        "rev": "a8be3b14935d3532604c51c8dfe3021c73d1a885",
        "type": "github"
      },
      "original": {
        "owner": "Mic92",
        "repo": "sops-nix",
        "type": "github"
      }
    }
  },
  "root": "root",
  "version": 7
}
